// !$*UTF8*$!
{
	archiveVersion = 1;
	classes = {
	};
	objectVersion = 50;
	objects = {

/* Begin PBXBuildFile section */
		FE11CAC92615520A0072E51E /* RelationshipCoreDataTableViewCell.swift in Sources */ = {isa = PBXBuildFile; fileRef = FE11CAC82615520A0072E51E /* RelationshipCoreDataTableViewCell.swift */; };
		FE5EA65226116B250019F005 /* AppDelegate.swift in Sources */ = {isa = PBXBuildFile; fileRef = FE5EA65126116B250019F005 /* AppDelegate.swift */; };
		FE5EA65426116B250019F005 /* SceneDelegate.swift in Sources */ = {isa = PBXBuildFile; fileRef = FE5EA65326116B250019F005 /* SceneDelegate.swift */; };
		FE5EA65626116B250019F005 /* ViewController.swift in Sources */ = {isa = PBXBuildFile; fileRef = FE5EA65526116B250019F005 /* ViewController.swift */; };
		FE5EA65926116B250019F005 /* Main.storyboard in Resources */ = {isa = PBXBuildFile; fileRef = FE5EA65726116B250019F005 /* Main.storyboard */; };
		FE5EA65C26116B250019F005 /* core_data.xcdatamodeld in Sources */ = {isa = PBXBuildFile; fileRef = FE5EA65A26116B250019F005 /* core_data.xcdatamodeld */; };
		FE5EA65E26116B250019F005 /* Assets.xcassets in Resources */ = {isa = PBXBuildFile; fileRef = FE5EA65D26116B250019F005 /* Assets.xcassets */; };
		FE5EA66126116B250019F005 /* LaunchScreen.storyboard in Resources */ = {isa = PBXBuildFile; fileRef = FE5EA65F26116B250019F005 /* LaunchScreen.storyboard */; };
		FE5EA66A26116D9C0019F005 /* DefaultCoreData.swift in Sources */ = {isa = PBXBuildFile; fileRef = FE5EA66926116D9C0019F005 /* DefaultCoreData.swift */; };
		FE5EA66D26116E470019F005 /* CRUDCoreData.swift in Sources */ = {isa = PBXBuildFile; fileRef = FE5EA66C26116E470019F005 /* CRUDCoreData.swift */; };
		FE5EA67B26118B4E0019F005 /* DefaultCoreDataVC.swift in Sources */ = {isa = PBXBuildFile; fileRef = FE5EA67A26118B4E0019F005 /* DefaultCoreDataVC.swift */; };
		FE6526A42613237200771AAF /* RelationshipCoreDataVC.swift in Sources */ = {isa = PBXBuildFile; fileRef = FE6526A32613237200771AAF /* RelationshipCoreDataVC.swift */; };
		FE6526A8261323A800771AAF /* RelationshipCoreData.swift in Sources */ = {isa = PBXBuildFile; fileRef = FE6526A7261323A800771AAF /* RelationshipCoreData.swift */; };
		FE6526AD2613245C00771AAF /* RelationshipChildCoreDataVC.swift in Sources */ = {isa = PBXBuildFile; fileRef = FE6526AC2613245C00771AAF /* RelationshipChildCoreDataVC.swift */; };
		FE6526B12613253000771AAF /* RelationshipChildCoreDataTableViewCell.swift in Sources */ = {isa = PBXBuildFile; fileRef = FE6526B02613253000771AAF /* RelationshipChildCoreDataTableViewCell.swift */; };
		FE8CF45326125533006B603D /* CRUDCoreDataVC.swift in Sources */ = {isa = PBXBuildFile; fileRef = FE8CF45226125533006B603D /* CRUDCoreDataVC.swift */; };
		FE8CF458261256A9006B603D /* CRUDCoreDataTableViewCell.swift in Sources */ = {isa = PBXBuildFile; fileRef = FE8CF457261256A9006B603D /* CRUDCoreDataTableViewCell.swift */; };
/* End PBXBuildFile section */

/* Begin PBXFileReference section */
		FE11CAC82615520A0072E51E /* RelationshipCoreDataTableViewCell.swift */ = {isa = PBXFileReference; lastKnownFileType = sourcecode.swift; path = RelationshipCoreDataTableViewCell.swift; sourceTree = "<group>"; };
		FE5EA64E26116B240019F005 /* core_data.app */ = {isa = PBXFileReference; explicitFileType = wrapper.application; includeInIndex = 0; path = core_data.app; sourceTree = BUILT_PRODUCTS_DIR; };
		FE5EA65126116B250019F005 /* AppDelegate.swift */ = {isa = PBXFileReference; lastKnownFileType = sourcecode.swift; path = AppDelegate.swift; sourceTree = "<group>"; };
		FE5EA65326116B250019F005 /* SceneDelegate.swift */ = {isa = PBXFileReference; lastKnownFileType = sourcecode.swift; path = SceneDelegate.swift; sourceTree = "<group>"; };
		FE5EA65526116B250019F005 /* ViewController.swift */ = {isa = PBXFileReference; lastKnownFileType = sourcecode.swift; path = ViewController.swift; sourceTree = "<group>"; };
		FE5EA65826116B250019F005 /* Base */ = {isa = PBXFileReference; lastKnownFileType = file.storyboard; name = Base; path = Base.lproj/Main.storyboard; sourceTree = "<group>"; };
		FE5EA65B26116B250019F005 /* core_data.xcdatamodel */ = {isa = PBXFileReference; lastKnownFileType = wrapper.xcdatamodel; path = core_data.xcdatamodel; sourceTree = "<group>"; };
		FE5EA65D26116B250019F005 /* Assets.xcassets */ = {isa = PBXFileReference; lastKnownFileType = folder.assetcatalog; path = Assets.xcassets; sourceTree = "<group>"; };
		FE5EA66026116B250019F005 /* Base */ = {isa = PBXFileReference; lastKnownFileType = file.storyboard; name = Base; path = Base.lproj/LaunchScreen.storyboard; sourceTree = "<group>"; };
		FE5EA66226116B250019F005 /* Info.plist */ = {isa = PBXFileReference; lastKnownFileType = text.plist.xml; path = Info.plist; sourceTree = "<group>"; };
		FE5EA66926116D9C0019F005 /* DefaultCoreData.swift */ = {isa = PBXFileReference; lastKnownFileType = sourcecode.swift; path = DefaultCoreData.swift; sourceTree = "<group>"; };
		FE5EA66C26116E470019F005 /* CRUDCoreData.swift */ = {isa = PBXFileReference; lastKnownFileType = sourcecode.swift; path = CRUDCoreData.swift; sourceTree = "<group>"; };
		FE5EA67A26118B4E0019F005 /* DefaultCoreDataVC.swift */ = {isa = PBXFileReference; lastKnownFileType = sourcecode.swift; path = DefaultCoreDataVC.swift; sourceTree = "<group>"; };
		FE6526A32613237200771AAF /* RelationshipCoreDataVC.swift */ = {isa = PBXFileReference; lastKnownFileType = sourcecode.swift; path = RelationshipCoreDataVC.swift; sourceTree = "<group>"; };
		FE6526A7261323A800771AAF /* RelationshipCoreData.swift */ = {isa = PBXFileReference; lastKnownFileType = sourcecode.swift; path = RelationshipCoreData.swift; sourceTree = "<group>"; };
		FE6526AC2613245C00771AAF /* RelationshipChildCoreDataVC.swift */ = {isa = PBXFileReference; lastKnownFileType = sourcecode.swift; path = RelationshipChildCoreDataVC.swift; sourceTree = "<group>"; };
		FE6526B02613253000771AAF /* RelationshipChildCoreDataTableViewCell.swift */ = {isa = PBXFileReference; lastKnownFileType = sourcecode.swift; path = RelationshipChildCoreDataTableViewCell.swift; sourceTree = "<group>"; };
		FE8CF45226125533006B603D /* CRUDCoreDataVC.swift */ = {isa = PBXFileReference; lastKnownFileType = sourcecode.swift; path = CRUDCoreDataVC.swift; sourceTree = "<group>"; };
		FE8CF457261256A9006B603D /* CRUDCoreDataTableViewCell.swift */ = {isa = PBXFileReference; lastKnownFileType = sourcecode.swift; path = CRUDCoreDataTableViewCell.swift; sourceTree = "<group>"; };
/* End PBXFileReference section */

/* Begin PBXFrameworksBuildPhase section */
		FE5EA64B26116B240019F005 /* Frameworks */ = {
			isa = PBXFrameworksBuildPhase;
			buildActionMask = 2147483647;
			files = (
			);
			runOnlyForDeploymentPostprocessing = 0;
		};
/* End PBXFrameworksBuildPhase section */

/* Begin PBXGroup section */
		FE5EA64526116B240019F005 = {
			isa = PBXGroup;
			children = (
				FE5EA65026116B240019F005 /* core_data */,
				FE5EA64F26116B240019F005 /* Products */,
			);
			sourceTree = "<group>";
		};
		FE5EA64F26116B240019F005 /* Products */ = {
			isa = PBXGroup;
			children = (
				FE5EA64E26116B240019F005 /* core_data.app */,
			);
			name = Products;
			sourceTree = "<group>";
		};
		FE5EA65026116B240019F005 /* core_data */ = {
			isa = PBXGroup;
			children = (
				FE6526A226131E4D00771AAF /* RelationshipCoreData */,
				FE5EA67926118B380019F005 /* DefaultCoreData */,
				FE8CF45126125519006B603D /* CRUDCoreData */,
				FE5EA65126116B250019F005 /* AppDelegate.swift */,
				FE5EA65326116B250019F005 /* SceneDelegate.swift */,
				FE5EA65526116B250019F005 /* ViewController.swift */,
				FE5EA65726116B250019F005 /* Main.storyboard */,
				FE5EA65D26116B250019F005 /* Assets.xcassets */,
				FE5EA65F26116B250019F005 /* LaunchScreen.storyboard */,
				FE5EA66226116B250019F005 /* Info.plist */,
				FE5EA65A26116B250019F005 /* core_data.xcdatamodeld */,
			);
			path = core_data;
			sourceTree = "<group>";
		};
		FE5EA67926118B380019F005 /* DefaultCoreData */ = {
			isa = PBXGroup;
			children = (
				FE5EA67A26118B4E0019F005 /* DefaultCoreDataVC.swift */,
				FE5EA66926116D9C0019F005 /* DefaultCoreData.swift */,
			);
			path = DefaultCoreData;
			sourceTree = "<group>";
		};
		FE6526A226131E4D00771AAF /* RelationshipCoreData */ = {
			isa = PBXGroup;
			children = (
				FE6526AA2613244100771AAF /* RelationshipChildCoreData */,
				FE6526A32613237200771AAF /* RelationshipCoreDataVC.swift */,
				FE6526A7261323A800771AAF /* RelationshipCoreData.swift */,
				FE11CAC82615520A0072E51E /* RelationshipCoreDataTableViewCell.swift */,
			);
			path = RelationshipCoreData;
			sourceTree = "<group>";
		};
		FE6526AA2613244100771AAF /* RelationshipChildCoreData */ = {
			isa = PBXGroup;
			children = (
				FE6526AC2613245C00771AAF /* RelationshipChildCoreDataVC.swift */,
				FE6526B02613253000771AAF /* RelationshipChildCoreDataTableViewCell.swift */,
			);
			path = RelationshipChildCoreData;
			sourceTree = "<group>";
		};
		FE8CF45126125519006B603D /* CRUDCoreData */ = {
			isa = PBXGroup;
			children = (
				FE8CF45226125533006B603D /* CRUDCoreDataVC.swift */,
				FE5EA66C26116E470019F005 /* CRUDCoreData.swift */,
				FE8CF457261256A9006B603D /* CRUDCoreDataTableViewCell.swift */,
			);
			path = CRUDCoreData;
			sourceTree = "<group>";
		};
/* End PBXGroup section */

/* Begin PBXNativeTarget section */
		FE5EA64D26116B240019F005 /* core_data */ = {
			isa = PBXNativeTarget;
			buildConfigurationList = FE5EA66526116B250019F005 /* Build configuration list for PBXNativeTarget "core_data" */;
			buildPhases = (
				FE5EA64A26116B240019F005 /* Sources */,
				FE5EA64B26116B240019F005 /* Frameworks */,
				FE5EA64C26116B240019F005 /* Resources */,
			);
			buildRules = (
			);
			dependencies = (
			);
			name = core_data;
			productName = core_data;
			productReference = FE5EA64E26116B240019F005 /* core_data.app */;
			productType = "com.apple.product-type.application";
		};
/* End PBXNativeTarget section */

/* Begin PBXProject section */
		FE5EA64626116B240019F005 /* Project object */ = {
			isa = PBXProject;
			attributes = {
				LastSwiftUpdateCheck = 1240;
				LastUpgradeCheck = 1240;
				TargetAttributes = {
					FE5EA64D26116B240019F005 = {
						CreatedOnToolsVersion = 12.4;
					};
				};
			};
			buildConfigurationList = FE5EA64926116B240019F005 /* Build configuration list for PBXProject "core_data" */;
			compatibilityVersion = "Xcode 9.3";
			developmentRegion = en;
			hasScannedForEncodings = 0;
			knownRegions = (
				en,
				Base,
			);
			mainGroup = FE5EA64526116B240019F005;
			productRefGroup = FE5EA64F26116B240019F005 /* Products */;
			projectDirPath = "";
			projectRoot = "";
			targets = (
				FE5EA64D26116B240019F005 /* core_data */,
			);
		};
/* End PBXProject section */

/* Begin PBXResourcesBuildPhase section */
		FE5EA64C26116B240019F005 /* Resources */ = {
			isa = PBXResourcesBuildPhase;
			buildActionMask = 2147483647;
			files = (
				FE5EA66126116B250019F005 /* LaunchScreen.storyboard in Resources */,
				FE5EA65E26116B250019F005 /* Assets.xcassets in Resources */,
				FE5EA65926116B250019F005 /* Main.storyboard in Resources */,
			);
			runOnlyForDeploymentPostprocessing = 0;
		};
/* End PBXResourcesBuildPhase section */

/* Begin PBXSourcesBuildPhase section */
		FE5EA64A26116B240019F005 /* Sources */ = {
			isa = PBXSourcesBuildPhase;
			buildActionMask = 2147483647;
			files = (
				FE8CF458261256A9006B603D /* CRUDCoreDataTableViewCell.swift in Sources */,
				FE5EA67B26118B4E0019F005 /* DefaultCoreDataVC.swift in Sources */,
				FE6526AD2613245C00771AAF /* RelationshipChildCoreDataVC.swift in Sources */,
				FE8CF45326125533006B603D /* CRUDCoreDataVC.swift in Sources */,
				FE5EA65C26116B250019F005 /* core_data.xcdatamodeld in Sources */,
				FE5EA66A26116D9C0019F005 /* DefaultCoreData.swift in Sources */,
				FE5EA65626116B250019F005 /* ViewController.swift in Sources */,
				FE6526B12613253000771AAF /* RelationshipChildCoreDataTableViewCell.swift in Sources */,
				FE11CAC92615520A0072E51E /* RelationshipCoreDataTableViewCell.swift in Sources */,
				FE5EA65226116B250019F005 /* AppDelegate.swift in Sources */,
				FE6526A42613237200771AAF /* RelationshipCoreDataVC.swift in Sources */,
				FE5EA66D26116E470019F005 /* CRUDCoreData.swift in Sources */,
				FE6526A8261323A800771AAF /* RelationshipCoreData.swift in Sources */,
				FE5EA65426116B250019F005 /* SceneDelegate.swift in Sources */,
			);
			runOnlyForDeploymentPostprocessing = 0;
		};
/* End PBXSourcesBuildPhase section */

/* Begin PBXVariantGroup section */
		FE5EA65726116B250019F005 /* Main.storyboard */ = {
			isa = PBXVariantGroup;
			children = (
				FE5EA65826116B250019F005 /* Base */,
			);
			name = Main.storyboard;
			sourceTree = "<group>";
		};
		FE5EA65F26116B250019F005 /* LaunchScreen.storyboard */ = {
			isa = PBXVariantGroup;
			children = (
				FE5EA66026116B250019F005 /* Base */,
			);
			name = LaunchScreen.storyboard;
			sourceTree = "<group>";
		};
/* End PBXVariantGroup section */

/* Begin XCBuildConfiguration section */
		FE5EA66326116B250019F005 /* Debug */ = {
			isa = XCBuildConfiguration;
			buildSettings = {
				ALWAYS_SEARCH_USER_PATHS = NO;
				CLANG_ANALYZER_NONNULL = YES;
				CLANG_ANALYZER_NUMBER_OBJECT_CONVERSION = YES_AGGRESSIVE;
				CLANG_CXX_LANGUAGE_STANDARD = "gnu++14";
				CLANG_CXX_LIBRARY = "libc++";
				CLANG_ENABLE_MODULES = YES;
				CLANG_ENABLE_OBJC_ARC = YES;
				CLANG_ENABLE_OBJC_WEAK = YES;
				CLANG_WARN_BLOCK_CAPTURE_AUTORELEASING = YES;
				CLANG_WARN_BOOL_CONVERSION = YES;
				CLANG_WARN_COMMA = YES;
				CLANG_WARN_CONSTANT_CONVERSION = YES;
				CLANG_WARN_DEPRECATED_OBJC_IMPLEMENTATIONS = YES;
				CLANG_WARN_DIRECT_OBJC_ISA_USAGE = YES_ERROR;
				CLANG_WARN_DOCUMENTATION_COMMENTS = YES;
				CLANG_WARN_EMPTY_BODY = YES;
				CLANG_WARN_ENUM_CONVERSION = YES;
				CLANG_WARN_INFINITE_RECURSION = YES;
				CLANG_WARN_INT_CONVERSION = YES;
				CLANG_WARN_NON_LITERAL_NULL_CONVERSION = YES;
				CLANG_WARN_OBJC_IMPLICIT_RETAIN_SELF = YES;
				CLANG_WARN_OBJC_LITERAL_CONVERSION = YES;
				CLANG_WARN_OBJC_ROOT_CLASS = YES_ERROR;
				CLANG_WARN_QUOTED_INCLUDE_IN_FRAMEWORK_HEADER = YES;
				CLANG_WARN_RANGE_LOOP_ANALYSIS = YES;
				CLANG_WARN_STRICT_PROTOTYPES = YES;
				CLANG_WARN_SUSPICIOUS_MOVE = YES;
				CLANG_WARN_UNGUARDED_AVAILABILITY = YES_AGGRESSIVE;
				CLANG_WARN_UNREACHABLE_CODE = YES;
				CLANG_WARN__DUPLICATE_METHOD_MATCH = YES;
				COPY_PHASE_STRIP = NO;
				DEBUG_INFORMATION_FORMAT = dwarf;
				ENABLE_STRICT_OBJC_MSGSEND = YES;
				ENABLE_TESTABILITY = YES;
				GCC_C_LANGUAGE_STANDARD = gnu11;
				GCC_DYNAMIC_NO_PIC = NO;
				GCC_NO_COMMON_BLOCKS = YES;
				GCC_OPTIMIZATION_LEVEL = 0;
				GCC_PREPROCESSOR_DEFINITIONS = (
					"DEBUG=1",
					"$(inherited)",
				);
				GCC_WARN_64_TO_32_BIT_CONVERSION = YES;
				GCC_WARN_ABOUT_RETURN_TYPE = YES_ERROR;
				GCC_WARN_UNDECLARED_SELECTOR = YES;
				GCC_WARN_UNINITIALIZED_AUTOS = YES_AGGRESSIVE;
				GCC_WARN_UNUSED_FUNCTION = YES;
				GCC_WARN_UNUSED_VARIABLE = YES;
				IPHONEOS_DEPLOYMENT_TARGET = 14.4;
				MTL_ENABLE_DEBUG_INFO = INCLUDE_SOURCE;
				MTL_FAST_MATH = YES;
				ONLY_ACTIVE_ARCH = YES;
				SDKROOT = iphoneos;
				SWIFT_ACTIVE_COMPILATION_CONDITIONS = DEBUG;
				SWIFT_OPTIMIZATION_LEVEL = "-Onone";
			};
			name = Debug;
		};
		FE5EA66426116B250019F005 /* Release */ = {
			isa = XCBuildConfiguration;
			buildSettings = {
				ALWAYS_SEARCH_USER_PATHS = NO;
				CLANG_ANALYZER_NONNULL = YES;
				CLANG_ANALYZER_NUMBER_OBJECT_CONVERSION = YES_AGGRESSIVE;
				CLANG_CXX_LANGUAGE_STANDARD = "gnu++14";
				CLANG_CXX_LIBRARY = "libc++";
				CLANG_ENABLE_MODULES = YES;
				CLANG_ENABLE_OBJC_ARC = YES;
				CLANG_ENABLE_OBJC_WEAK = YES;
				CLANG_WARN_BLOCK_CAPTURE_AUTORELEASING = YES;
				CLANG_WARN_BOOL_CONVERSION = YES;
				CLANG_WARN_COMMA = YES;
				CLANG_WARN_CONSTANT_CONVERSION = YES;
				CLANG_WARN_DEPRECATED_OBJC_IMPLEMENTATIONS = YES;
				CLANG_WARN_DIRECT_OBJC_ISA_USAGE = YES_ERROR;
				CLANG_WARN_DOCUMENTATION_COMMENTS = YES;
				CLANG_WARN_EMPTY_BODY = YES;
				CLANG_WARN_ENUM_CONVERSION = YES;
				CLANG_WARN_INFINITE_RECURSION = YES;
				CLANG_WARN_INT_CONVERSION = YES;
				CLANG_WARN_NON_LITERAL_NULL_CONVERSION = YES;
				CLANG_WARN_OBJC_IMPLICIT_RETAIN_SELF = YES;
				CLANG_WARN_OBJC_LITERAL_CONVERSION = YES;
				CLANG_WARN_OBJC_ROOT_CLASS = YES_ERROR;
				CLANG_WARN_QUOTED_INCLUDE_IN_FRAMEWORK_HEADER = YES;
				CLANG_WARN_RANGE_LOOP_ANALYSIS = YES;
				CLANG_WARN_STRICT_PROTOTYPES = YES;
				CLANG_WARN_SUSPICIOUS_MOVE = YES;
				CLANG_WARN_UNGUARDED_AVAILABILITY = YES_AGGRESSIVE;
				CLANG_WARN_UNREACHABLE_CODE = YES;
				CLANG_WARN__DUPLICATE_METHOD_MATCH = YES;
				COPY_PHASE_STRIP = NO;
				DEBUG_INFORMATION_FORMAT = "dwarf-with-dsym";
				ENABLE_NS_ASSERTIONS = NO;
				ENABLE_STRICT_OBJC_MSGSEND = YES;
				GCC_C_LANGUAGE_STANDARD = gnu11;
				GCC_NO_COMMON_BLOCKS = YES;
				GCC_WARN_64_TO_32_BIT_CONVERSION = YES;
				GCC_WARN_ABOUT_RETURN_TYPE = YES_ERROR;
				GCC_WARN_UNDECLARED_SELECTOR = YES;
				GCC_WARN_UNINITIALIZED_AUTOS = YES_AGGRESSIVE;
				GCC_WARN_UNUSED_FUNCTION = YES;
				GCC_WARN_UNUSED_VARIABLE = YES;
				IPHONEOS_DEPLOYMENT_TARGET = 14.4;
				MTL_ENABLE_DEBUG_INFO = NO;
				MTL_FAST_MATH = YES;
				SDKROOT = iphoneos;
				SWIFT_COMPILATION_MODE = wholemodule;
				SWIFT_OPTIMIZATION_LEVEL = "-O";
				VALIDATE_PRODUCT = YES;
			};
			name = Release;
		};
		FE5EA66626116B250019F005 /* Debug */ = {
			isa = XCBuildConfiguration;
			buildSettings = {
				ASSETCATALOG_COMPILER_APPICON_NAME = AppIcon;
				ASSETCATALOG_COMPILER_GLOBAL_ACCENT_COLOR_NAME = AccentColor;
				CODE_SIGN_STYLE = Automatic;
				DEVELOPMENT_TEAM = T36PKL4C35;
				INFOPLIST_FILE = core_data/Info.plist;
				LD_RUNPATH_SEARCH_PATHS = (
					"$(inherited)",
					"@executable_path/Frameworks",
				);
				PRODUCT_BUNDLE_IDENTIFIER = "somsak.kaeworasan.core-data";
				PRODUCT_NAME = "$(TARGET_NAME)";
				SWIFT_VERSION = 5.0;
				TARGETED_DEVICE_FAMILY = "1,2";
			};
			name = Debug;
		};
		FE5EA66726116B250019F005 /* Release */ = {
			isa = XCBuildConfiguration;
			buildSettings = {
				ASSETCATALOG_COMPILER_APPICON_NAME = AppIcon;
				ASSETCATALOG_COMPILER_GLOBAL_ACCENT_COLOR_NAME = AccentColor;
				CODE_SIGN_STYLE = Automatic;
				DEVELOPMENT_TEAM = T36PKL4C35;
				INFOPLIST_FILE = core_data/Info.plist;
				LD_RUNPATH_SEARCH_PATHS = (
					"$(inherited)",
					"@executable_path/Frameworks",
				);
				PRODUCT_BUNDLE_IDENTIFIER = "somsak.kaeworasan.core-data";
				PRODUCT_NAME = "$(TARGET_NAME)";
				SWIFT_VERSION = 5.0;
				TARGETED_DEVICE_FAMILY = "1,2";
			};
			name = Release;
		};
/* End XCBuildConfiguration section */

/* Begin XCConfigurationList section */
		FE5EA64926116B240019F005 /* Build configuration list for PBXProject "core_data" */ = {
			isa = XCConfigurationList;
			buildConfigurations = (
				FE5EA66326116B250019F005 /* Debug */,
				FE5EA66426116B250019F005 /* Release */,
			);
			defaultConfigurationIsVisible = 0;
			defaultConfigurationName = Release;
		};
		FE5EA66526116B250019F005 /* Build configuration list for PBXNativeTarget "core_data" */ = {
			isa = XCConfigurationList;
			buildConfigurations = (
				FE5EA66626116B250019F005 /* Debug */,
				FE5EA66726116B250019F005 /* Release */,
			);
			defaultConfigurationIsVisible = 0;
			defaultConfigurationName = Release;
		};
/* End XCConfigurationList section */

/* Begin XCVersionGroup section */
		FE5EA65A26116B250019F005 /* core_data.xcdatamodeld */ = {
			isa = XCVersionGroup;
			children = (
				FE5EA65B26116B250019F005 /* core_data.xcdatamodel */,
			);
			currentVersion = FE5EA65B26116B250019F005 /* core_data.xcdatamodel */;
			path = core_data.xcdatamodeld;
			sourceTree = "<group>";
			versionGroupType = wrapper.xcdatamodel;
		};
/* End XCVersionGroup section */
	};
	rootObject = FE5EA64626116B240019F005 /* Project object */;
}
